
Microsoft Visual Studio Solution File, Format Version 12.00
# Visual Studio Version 16
VisualStudioVersion = 16.0.32106.194
MinimumVisualStudioVersion = 10.0.40219.1
Project("{FAE04EC0-301F-11D3-BF4B-00C04F79EFBC}") = "OnlineJobPortal", "OnlineJobPortal\OnlineJobPortal.csproj", "{B7F30F62-ED74-4261-A288-4384AF3D2749}"
EndProject
Global
	GlobalSection(SolutionConfigurationPlatforms) = preSolution
		Debug|Any CPU = Debug|Any CPU
		Release|Any CPU = Release|Any CPU
	EndGlobalSection
	GlobalSection(ProjectConfigurationPlatforms) = postSolution
		{B7F30F62-ED74-4261-A288-4384AF3D2749}.Debug|Any CPU.ActiveCfg = Debug|Any CPU
		{B7F30F62-ED74-4261-A288-4384AF3D2749}.Debug|Any CPU.Build.0 = Debug|Any CPU
		{B7F30F62-ED74-4261-A288-4384AF3D2749}.Release|Any CPU.ActiveCfg = Release|Any CPU
		{B7F30F62-ED74-4261-A288-4384AF3D2749}.Release|Any CPU.Build.0 = Release|Any CPU
	EndGlobalSection
	GlobalSection(SolutionProperties) = preSolution
		HideSolutionNode = FALSE
	EndGlobalSection
	GlobalSection(ExtensibilityGlobals) = postSolution
		SolutionGuid = {22D440C9-D76C-4A3C-8DEA-66A1240D76A5}
	EndGlobalSection
EndGlobal
